// !$*UTF8*$!
{
	archiveVersion = 1;
	classes = {
	};
	objectVersion = 46;
	objects = {

/* Begin PBXBuildFile section */
		75E9F7893E3C4F3EBC17D690 /* libPods-RKIntentTests.a in Frameworks */ = {isa = PBXBuildFile; fileRef = 9141C7E49BE940D39FC37FD4 /* libPods-RKIntentTests.a */; };
		879893A618B1DED500CEBDC6 /* Foundation.framework in Frameworks */ = {isa = PBXBuildFile; fileRef = 879893A518B1DED500CEBDC6 /* Foundation.framework */; };
		879893AB18B1DED500CEBDC6 /* RKIntent.h in CopyFiles */ = {isa = PBXBuildFile; fileRef = 879893AA18B1DED500CEBDC6 /* RKIntent.h */; };
		879893AD18B1DED500CEBDC6 /* RKIntent.m in Sources */ = {isa = PBXBuildFile; fileRef = 879893AC18B1DED500CEBDC6 /* RKIntent.m */; };
		879893B418B1DED500CEBDC6 /* XCTest.framework in Frameworks */ = {isa = PBXBuildFile; fileRef = 879893B318B1DED500CEBDC6 /* XCTest.framework */; };
		879893B518B1DED500CEBDC6 /* Foundation.framework in Frameworks */ = {isa = PBXBuildFile; fileRef = 879893A518B1DED500CEBDC6 /* Foundation.framework */; };
		879893B718B1DED500CEBDC6 /* UIKit.framework in Frameworks */ = {isa = PBXBuildFile; fileRef = 879893B618B1DED500CEBDC6 /* UIKit.framework */; };
		879893BA18B1DED500CEBDC6 /* libRKIntent.a in Frameworks */ = {isa = PBXBuildFile; fileRef = 879893A218B1DED500CEBDC6 /* libRKIntent.a */; };
		879893C018B1DED500CEBDC6 /* InfoPlist.strings in Resources */ = {isa = PBXBuildFile; fileRef = 879893BE18B1DED500CEBDC6 /* InfoPlist.strings */; };
		879893C218B1DED500CEBDC6 /* RKIntentTests.m in Sources */ = {isa = PBXBuildFile; fileRef = 879893C118B1DED500CEBDC6 /* RKIntentTests.m */; };
		879893CD18B1E60400CEBDC6 /* RKIntentHandler.m in Sources */ = {isa = PBXBuildFile; fileRef = 879893CC18B1E60400CEBDC6 /* RKIntentHandler.m */; };
		879893D018B1E7D000CEBDC6 /* RKIntentSource.m in Sources */ = {isa = PBXBuildFile; fileRef = 879893CF18B1E7D000CEBDC6 /* RKIntentSource.m */; };
		879893D218B1F06E00CEBDC6 /* RKIntentHandlerTests.m in Sources */ = {isa = PBXBuildFile; fileRef = 879893D118B1F06E00CEBDC6 /* RKIntentHandlerTests.m */; };
/* End PBXBuildFile section */

/* Begin PBXContainerItemProxy section */
		879893B818B1DED500CEBDC6 /* PBXContainerItemProxy */ = {
			isa = PBXContainerItemProxy;
			containerPortal = 8798939A18B1DED500CEBDC6 /* Project object */;
			proxyType = 1;
			remoteGlobalIDString = 879893A118B1DED500CEBDC6;
			remoteInfo = RKIntent;
		};
/* End PBXContainerItemProxy section */

/* Begin PBXCopyFilesBuildPhase section */
		879893A018B1DED500CEBDC6 /* CopyFiles */ = {
			isa = PBXCopyFilesBuildPhase;
			buildActionMask = 2147483647;
			dstPath = "include/$(PRODUCT_NAME)";
			dstSubfolderSpec = 16;
			files = (
				879893AB18B1DED500CEBDC6 /* RKIntent.h in CopyFiles */,
			);
			runOnlyForDeploymentPostprocessing = 0;
		};
/* End PBXCopyFilesBuildPhase section */

/* Begin PBXFileReference section */
		16D3B5AB84AE4EDC82B15104 /* Pods-RKIntentTests.xcconfig */ = {isa = PBXFileReference; includeInIndex = 1; lastKnownFileType = text.xcconfig; name = "Pods-RKIntentTests.xcconfig"; path = "RKIntentTests/Pods/Pods-RKIntentTests.xcconfig"; sourceTree = "<group>"; };
		879893A218B1DED500CEBDC6 /* libRKIntent.a */ = {isa = PBXFileReference; explicitFileType = archive.ar; includeInIndex = 0; path = libRKIntent.a; sourceTree = BUILT_PRODUCTS_DIR; };
		879893A518B1DED500CEBDC6 /* Foundation.framework */ = {isa = PBXFileReference; lastKnownFileType = wrapper.framework; name = Foundation.framework; path = System/Library/Frameworks/Foundation.framework; sourceTree = SDKROOT; };
		879893A918B1DED500CEBDC6 /* RKIntent-Prefix.pch */ = {isa = PBXFileReference; lastKnownFileType = sourcecode.c.h; path = "RKIntent-Prefix.pch"; sourceTree = "<group>"; };
		879893AA18B1DED500CEBDC6 /* RKIntent.h */ = {isa = PBXFileReference; lastKnownFileType = sourcecode.c.h; path = RKIntent.h; sourceTree = "<group>"; };
		879893AC18B1DED500CEBDC6 /* RKIntent.m */ = {isa = PBXFileReference; lastKnownFileType = sourcecode.c.objc; path = RKIntent.m; sourceTree = "<group>"; };
		879893B218B1DED500CEBDC6 /* RKIntentTests.xctest */ = {isa = PBXFileReference; explicitFileType = wrapper.cfbundle; includeInIndex = 0; path = RKIntentTests.xctest; sourceTree = BUILT_PRODUCTS_DIR; };
		879893B318B1DED500CEBDC6 /* XCTest.framework */ = {isa = PBXFileReference; lastKnownFileType = wrapper.framework; name = XCTest.framework; path = Library/Frameworks/XCTest.framework; sourceTree = DEVELOPER_DIR; };
		879893B618B1DED500CEBDC6 /* UIKit.framework */ = {isa = PBXFileReference; lastKnownFileType = wrapper.framework; name = UIKit.framework; path = Library/Frameworks/UIKit.framework; sourceTree = DEVELOPER_DIR; };
		879893BD18B1DED500CEBDC6 /* RKIntentTests-Info.plist */ = {isa = PBXFileReference; lastKnownFileType = text.plist.xml; path = "RKIntentTests-Info.plist"; sourceTree = "<group>"; };
		879893BF18B1DED500CEBDC6 /* en */ = {isa = PBXFileReference; lastKnownFileType = text.plist.strings; name = en; path = en.lproj/InfoPlist.strings; sourceTree = "<group>"; };
		879893C118B1DED500CEBDC6 /* RKIntentTests.m */ = {isa = PBXFileReference; lastKnownFileType = sourcecode.c.objc; path = RKIntentTests.m; sourceTree = "<group>"; };
		879893CB18B1E60400CEBDC6 /* RKIntentHandler.h */ = {isa = PBXFileReference; fileEncoding = 4; lastKnownFileType = sourcecode.c.h; path = RKIntentHandler.h; sourceTree = "<group>"; };
		879893CC18B1E60400CEBDC6 /* RKIntentHandler.m */ = {isa = PBXFileReference; fileEncoding = 4; lastKnownFileType = sourcecode.c.objc; path = RKIntentHandler.m; sourceTree = "<group>"; };
		879893CE18B1E7D000CEBDC6 /* RKIntentSource.h */ = {isa = PBXFileReference; fileEncoding = 4; lastKnownFileType = sourcecode.c.h; path = RKIntentSource.h; sourceTree = "<group>"; };
		879893CF18B1E7D000CEBDC6 /* RKIntentSource.m */ = {isa = PBXFileReference; fileEncoding = 4; lastKnownFileType = sourcecode.c.objc; path = RKIntentSource.m; sourceTree = "<group>"; };
		879893D118B1F06E00CEBDC6 /* RKIntentHandlerTests.m */ = {isa = PBXFileReference; fileEncoding = 4; lastKnownFileType = sourcecode.c.objc; path = RKIntentHandlerTests.m; sourceTree = "<group>"; };
		9141C7E49BE940D39FC37FD4 /* libPods-RKIntentTests.a */ = {isa = PBXFileReference; explicitFileType = archive.ar; includeInIndex = 0; path = "libPods-RKIntentTests.a"; sourceTree = BUILT_PRODUCTS_DIR; };
/* End PBXFileReference section */

/* Begin PBXFrameworksBuildPhase section */
		8798939F18B1DED500CEBDC6 /* Frameworks */ = {
			isa = PBXFrameworksBuildPhase;
			buildActionMask = 2147483647;
			files = (
				879893A618B1DED500CEBDC6 /* Foundation.framework in Frameworks */,
			);
			runOnlyForDeploymentPostprocessing = 0;
		};
		879893AF18B1DED500CEBDC6 /* Frameworks */ = {
			isa = PBXFrameworksBuildPhase;
			buildActionMask = 2147483647;
			files = (
				879893B418B1DED500CEBDC6 /* XCTest.framework in Frameworks */,
				879893B718B1DED500CEBDC6 /* UIKit.framework in Frameworks */,
				879893BA18B1DED500CEBDC6 /* libRKIntent.a in Frameworks */,
				879893B518B1DED500CEBDC6 /* Foundation.framework in Frameworks */,
				75E9F7893E3C4F3EBC17D690 /* libPods-RKIntentTests.a in Frameworks */,
			);
			runOnlyForDeploymentPostprocessing = 0;
		};
/* End PBXFrameworksBuildPhase section */

/* Begin PBXGroup section */
		8798939918B1DED500CEBDC6 = {
			isa = PBXGroup;
			children = (
				879893A718B1DED500CEBDC6 /* RKIntent */,
				879893BB18B1DED500CEBDC6 /* RKIntentTests */,
				879893A418B1DED500CEBDC6 /* Frameworks */,
				879893A318B1DED500CEBDC6 /* Products */,
				16D3B5AB84AE4EDC82B15104 /* Pods-RKIntentTests.xcconfig */,
			);
			sourceTree = "<group>";
		};
		879893A318B1DED500CEBDC6 /* Products */ = {
			isa = PBXGroup;
			children = (
				879893A218B1DED500CEBDC6 /* libRKIntent.a */,
				879893B218B1DED500CEBDC6 /* RKIntentTests.xctest */,
			);
			name = Products;
			sourceTree = "<group>";
		};
		879893A418B1DED500CEBDC6 /* Frameworks */ = {
			isa = PBXGroup;
			children = (
				879893A518B1DED500CEBDC6 /* Foundation.framework */,
				879893B318B1DED500CEBDC6 /* XCTest.framework */,
				879893B618B1DED500CEBDC6 /* UIKit.framework */,
				9141C7E49BE940D39FC37FD4 /* libPods-RKIntentTests.a */,
			);
			name = Frameworks;
			sourceTree = "<group>";
		};
		879893A718B1DED500CEBDC6 /* RKIntent */ = {
			isa = PBXGroup;
			children = (
				879893AA18B1DED500CEBDC6 /* RKIntent.h */,
				879893AC18B1DED500CEBDC6 /* RKIntent.m */,
				879893CB18B1E60400CEBDC6 /* RKIntentHandler.h */,
				879893CC18B1E60400CEBDC6 /* RKIntentHandler.m */,
				879893CE18B1E7D000CEBDC6 /* RKIntentSource.h */,
				879893CF18B1E7D000CEBDC6 /* RKIntentSource.m */,
				879893A818B1DED500CEBDC6 /* Supporting Files */,
			);
			path = RKIntent;
			sourceTree = "<group>";
		};
		879893A818B1DED500CEBDC6 /* Supporting Files */ = {
			isa = PBXGroup;
			children = (
				879893A918B1DED500CEBDC6 /* RKIntent-Prefix.pch */,
			);
			name = "Supporting Files";
			sourceTree = "<group>";
		};
		879893BB18B1DED500CEBDC6 /* RKIntentTests */ = {
			isa = PBXGroup;
			children = (
				879893C118B1DED500CEBDC6 /* RKIntentTests.m */,
				879893D118B1F06E00CEBDC6 /* RKIntentHandlerTests.m */,
				879893BC18B1DED500CEBDC6 /* Supporting Files */,
			);
			path = RKIntentTests;
			sourceTree = "<group>";
		};
		879893BC18B1DED500CEBDC6 /* Supporting Files */ = {
			isa = PBXGroup;
			children = (
				879893BD18B1DED500CEBDC6 /* RKIntentTests-Info.plist */,
				879893BE18B1DED500CEBDC6 /* InfoPlist.strings */,
			);
			name = "Supporting Files";
			sourceTree = "<group>";
		};
/* End PBXGroup section */

/* Begin PBXNativeTarget section */
		879893A118B1DED500CEBDC6 /* RKIntent */ = {
			isa = PBXNativeTarget;
			buildConfigurationList = 879893C518B1DED500CEBDC6 /* Build configuration list for PBXNativeTarget "RKIntent" */;
			buildPhases = (
				8798939E18B1DED500CEBDC6 /* Sources */,
				8798939F18B1DED500CEBDC6 /* Frameworks */,
				879893A018B1DED500CEBDC6 /* CopyFiles */,
			);
			buildRules = (
			);
			dependencies = (
			);
			name = RKIntent;
			productName = RKIntent;
			productReference = 879893A218B1DED500CEBDC6 /* libRKIntent.a */;
			productType = "com.apple.product-type.library.static";
		};
		879893B118B1DED500CEBDC6 /* RKIntentTests */ = {
			isa = PBXNativeTarget;
			buildConfigurationList = 879893C818B1DED500CEBDC6 /* Build configuration list for PBXNativeTarget "RKIntentTests" */;
			buildPhases = (
				D01AA270346E41D08A0BE2F1 /* Check Pods Manifest.lock */,
				879893AE18B1DED500CEBDC6 /* Sources */,
				879893AF18B1DED500CEBDC6 /* Frameworks */,
				879893B018B1DED500CEBDC6 /* Resources */,
				9D4ECD0CCF5D4974A25C0012 /* Copy Pods Resources */,
			);
			buildRules = (
			);
			dependencies = (
				879893B918B1DED500CEBDC6 /* PBXTargetDependency */,
			);
			name = RKIntentTests;
			productName = RKIntentTests;
			productReference = 879893B218B1DED500CEBDC6 /* RKIntentTests.xctest */;
			productType = "com.apple.product-type.bundle.unit-test";
		};
/* End PBXNativeTarget section */

/* Begin PBXProject section */
		8798939A18B1DED500CEBDC6 /* Project object */ = {
			isa = PBXProject;
			attributes = {
				LastUpgradeCheck = 0500;
				ORGANIZATIONNAME = rokob;
			};
			buildConfigurationList = 8798939D18B1DED500CEBDC6 /* Build configuration list for PBXProject "RKIntent" */;
			compatibilityVersion = "Xcode 3.2";
			developmentRegion = English;
			hasScannedForEncodings = 0;
			knownRegions = (
				en,
			);
			mainGroup = 8798939918B1DED500CEBDC6;
			productRefGroup = 879893A318B1DED500CEBDC6 /* Products */;
			projectDirPath = "";
			projectRoot = "";
			targets = (
				879893A118B1DED500CEBDC6 /* RKIntent */,
				879893B118B1DED500CEBDC6 /* RKIntentTests */,
			);
		};
/* End PBXProject section */

/* Begin PBXResourcesBuildPhase section */
		879893B018B1DED500CEBDC6 /* Resources */ = {
			isa = PBXResourcesBuildPhase;
			buildActionMask = 2147483647;
			files = (
				879893C018B1DED500CEBDC6 /* InfoPlist.strings in Resources */,
			);
			runOnlyForDeploymentPostprocessing = 0;
		};
/* End PBXResourcesBuildPhase section */

/* Begin PBXShellScriptBuildPhase section */
		9D4ECD0CCF5D4974A25C0012 /* Copy Pods Resources */ = {
			isa = PBXShellScriptBuildPhase;
			buildActionMask = 2147483647;
			files = (
			);
			inputPaths = (
			);
			name = "Copy Pods Resources";
			outputPaths = (
			);
			runOnlyForDeploymentPostprocessing = 0;
			shellPath = /bin/sh;
			shellScript = "\"${SRCROOT}/RKIntentTests/Pods/Pods-RKIntentTests-resources.sh\"\n";
			showEnvVarsInLog = 0;
		};
		D01AA270346E41D08A0BE2F1 /* Check Pods Manifest.lock */ = {
			isa = PBXShellScriptBuildPhase;
			buildActionMask = 2147483647;
			files = (
			);
			inputPaths = (
			);
			name = "Check Pods Manifest.lock";
			outputPaths = (
			);
			runOnlyForDeploymentPostprocessing = 0;
			shellPath = /bin/sh;
			shellScript = "diff \"${PODS_ROOT}/../Podfile.lock\" \"${PODS_ROOT}/Manifest.lock\" > /dev/null\nif [[ $? != 0 ]] ; then\n    cat << EOM\nerror: The sandbox is not in sync with the Podfile.lock. Run 'pod install' or update your CocoaPods installation.\nEOM\n    exit 1\nfi\n";
			showEnvVarsInLog = 0;
		};
/* End PBXShellScriptBuildPhase section */

/* Begin PBXSourcesBuildPhase section */
		8798939E18B1DED500CEBDC6 /* Sources */ = {
			isa = PBXSourcesBuildPhase;
			buildActionMask = 2147483647;
			files = (
				879893AD18B1DED500CEBDC6 /* RKIntent.m in Sources */,
				879893CD18B1E60400CEBDC6 /* RKIntentHandler.m in Sources */,
				879893D018B1E7D000CEBDC6 /* RKIntentSource.m in Sources */,
			);
			runOnlyForDeploymentPostprocessing = 0;
		};
		879893AE18B1DED500CEBDC6 /* Sources */ = {
			isa = PBXSourcesBuildPhase;
			buildActionMask = 2147483647;
			files = (
				879893C218B1DED500CEBDC6 /* RKIntentTests.m in Sources */,
				879893D218B1F06E00CEBDC6 /* RKIntentHandlerTests.m in Sources */,
			);
			runOnlyForDeploymentPostprocessing = 0;
		};
/* End PBXSourcesBuildPhase section */

/* Begin PBXTargetDependency section */
		879893B918B1DED500CEBDC6 /* PBXTargetDependency */ = {
			isa = PBXTargetDependency;
			target = 879893A118B1DED500CEBDC6 /* RKIntent */;
			targetProxy = 879893B818B1DED500CEBDC6 /* PBXContainerItemProxy */;
		};
/* End PBXTargetDependency section */

/* Begin PBXVariantGroup section */
		879893BE18B1DED500CEBDC6 /* InfoPlist.strings */ = {
			isa = PBXVariantGroup;
			children = (
				879893BF18B1DED500CEBDC6 /* en */,
			);
			name = InfoPlist.strings;
			sourceTree = "<group>";
		};
/* End PBXVariantGroup section */

/* Begin XCBuildConfiguration section */
		879893C318B1DED500CEBDC6 /* Debug */ = {
			isa = XCBuildConfiguration;
			buildSettings = {
				ALWAYS_SEARCH_USER_PATHS = NO;
				ARCHS = "$(ARCHS_STANDARD_INCLUDING_64_BIT)";
				CLANG_CXX_LANGUAGE_STANDARD = "c++0x";
				CLANG_CXX_LIBRARY = "libc++";
				CLANG_ENABLE_MODULES = YES;
				CLANG_ENABLE_OBJC_ARC = YES;
				CLANG_WARN_BOOL_CONVERSION = YES;
				CLANG_WARN_CONSTANT_CONVERSION = YES;
				CLANG_WARN_DIRECT_OBJC_ISA_USAGE = YES_ERROR;
				CLANG_WARN_EMPTY_BODY = YES;
				CLANG_WARN_ENUM_CONVERSION = YES;
				CLANG_WARN_INT_CONVERSION = YES;
				CLANG_WARN_OBJC_ROOT_CLASS = YES_ERROR;
				CLANG_WARN__DUPLICATE_METHOD_MATCH = YES;
				COPY_PHASE_STRIP = NO;
				GCC_C_LANGUAGE_STANDARD = gnu99;
				GCC_DYNAMIC_NO_PIC = NO;
				GCC_OPTIMIZATION_LEVEL = 0;
				GCC_PREPROCESSOR_DEFINITIONS = (
					"DEBUG=1",
					"$(inherited)",
				);
				GCC_SYMBOLS_PRIVATE_EXTERN = NO;
				GCC_WARN_64_TO_32_BIT_CONVERSION = YES;
				GCC_WARN_ABOUT_RETURN_TYPE = YES_ERROR;
				GCC_WARN_UNDECLARED_SELECTOR = YES;
				GCC_WARN_UNINITIALIZED_AUTOS = YES;
				GCC_WARN_UNUSED_FUNCTION = YES;
				GCC_WARN_UNUSED_VARIABLE = YES;
				IPHONEOS_DEPLOYMENT_TARGET = 7.0;
				ONLY_ACTIVE_ARCH = YES;
				SDKROOT = iphoneos;
			};
			name = Debug;
		};
		879893C418B1DED500CEBDC6 /* Release */ = {
			isa = XCBuildConfiguration;
			buildSettings = {
				ALWAYS_SEARCH_USER_PATHS = NO;
				ARCHS = "$(ARCHS_STANDARD_INCLUDING_64_BIT)";
				CLANG_CXX_LANGUAGE_STANDARD = "c++0x";
				CLANG_CXX_LIBRARY = "libc++";
				CLANG_ENABLE_MODULES = YES;
				CLANG_ENABLE_OBJC_ARC = YES;
				CLANG_WARN_BOOL_CONVERSION = YES;
				CLANG_WARN_CONSTANT_CONVERSION = YES;
				CLANG_WARN_DIRECT_OBJC_ISA_USAGE = YES_ERROR;
				CLANG_WARN_EMPTY_BODY = YES;
				CLANG_WARN_ENUM_CONVERSION = YES;
				CLANG_WARN_INT_CONVERSION = YES;
				CLANG_WARN_OBJC_ROOT_CLASS = YES_ERROR;
				CLANG_WARN__DUPLICATE_METHOD_MATCH = YES;
				COPY_PHASE_STRIP = YES;
				ENABLE_NS_ASSERTIONS = NO;
				GCC_C_LANGUAGE_STANDARD = gnu99;
				GCC_WARN_64_TO_32_BIT_CONVERSION = YES;
				GCC_WARN_ABOUT_RETURN_TYPE = YES_ERROR;
				GCC_WARN_UNDECLARED_SELECTOR = YES;
				GCC_WARN_UNINITIALIZED_AUTOS = YES;
				GCC_WARN_UNUSED_FUNCTION = YES;
				GCC_WARN_UNUSED_VARIABLE = YES;
				IPHONEOS_DEPLOYMENT_TARGET = 7.0;
				SDKROOT = iphoneos;
				VALIDATE_PRODUCT = YES;
			};
			name = Release;
		};
		879893C618B1DED500CEBDC6 /* Debug */ = {
			isa = XCBuildConfiguration;
			buildSettings = {
				DSTROOT = /tmp/RKIntent.dst;
				GCC_PRECOMPILE_PREFIX_HEADER = YES;
				GCC_PREFIX_HEADER = "RKIntent/RKIntent-Prefix.pch";
				OTHER_LDFLAGS = "-ObjC";
				PRODUCT_NAME = "$(TARGET_NAME)";
				SKIP_INSTALL = YES;
			};
			name = Debug;
		};
		879893C718B1DED500CEBDC6 /* Release */ = {
			isa = XCBuildConfiguration;
			buildSettings = {
				DSTROOT = /tmp/RKIntent.dst;
				GCC_PRECOMPILE_PREFIX_HEADER = YES;
				GCC_PREFIX_HEADER = "RKIntent/RKIntent-Prefix.pch";
				OTHER_LDFLAGS = "-ObjC";
				PRODUCT_NAME = "$(TARGET_NAME)";
				SKIP_INSTALL = YES;
			};
			name = Release;
		};
		879893C918B1DED500CEBDC6 /* Debug */ = {
			isa = XCBuildConfiguration;
			baseConfigurationReference = 16D3B5AB84AE4EDC82B15104 /* Pods-RKIntentTests.xcconfig */;
			buildSettings = {
				ARCHS = "$(ARCHS_STANDARD_INCLUDING_64_BIT)";
				FRAMEWORK_SEARCH_PATHS = (
					"$(SDKROOT)/Developer/Library/Frameworks",
					"$(inherited)",
					"$(DEVELOPER_FRAMEWORKS_DIR)",
				);
				GCC_PRECOMPILE_PREFIX_HEADER = YES;
				GCC_PREFIX_HEADER = "RKIntent/RKIntent-Prefix.pch";
				GCC_PREPROCESSOR_DEFINITIONS = (
					"DEBUG=1",
					"$(inherited)",
				);
				INFOPLIST_FILE = "RKIntentTests/RKIntentTests-Info.plist";
				PRODUCT_NAME = "$(TARGET_NAME)";
				WRAPPER_EXTENSION = xctest;
			};
			name = Debug;
		};
		879893CA18B1DED500CEBDC6 /* Release */ = {
			isa = XCBuildConfiguration;
			baseConfigurationReference = 16D3B5AB84AE4EDC82B15104 /* Pods-RKIntentTests.xcconfig */;
			buildSettings = {
				ARCHS = "$(ARCHS_STANDARD_INCLUDING_64_BIT)";
				FRAMEWORK_SEARCH_PATHS = (
					"$(SDKROOT)/Developer/Library/Frameworks",
					"$(inherited)",
					"$(DEVELOPER_FRAMEWORKS_DIR)",
				);
				GCC_PRECOMPILE_PREFIX_HEADER = YES;
				GCC_PREFIX_HEADER = "RKIntent/RKIntent-Prefix.pch";
				INFOPLIST_FILE = "RKIntentTests/RKIntentTests-Info.plist";
				PRODUCT_NAME = "$(TARGET_NAME)";
				WRAPPER_EXTENSION = xctest;
			};
			name = Release;
		};
/* End XCBuildConfiguration section */

/* Begin XCConfigurationList section */
		8798939D18B1DED500CEBDC6 /* Build configuration list for PBXProject "RKIntent" */ = {
			isa = XCConfigurationList;
			buildConfigurations = (
				879893C318B1DED500CEBDC6 /* Debug */,
				879893C418B1DED500CEBDC6 /* Release */,
			);
			defaultConfigurationIsVisible = 0;
			defaultConfigurationName = Release;
		};
		879893C518B1DED500CEBDC6 /* Build configuration list for PBXNativeTarget "RKIntent" */ = {
			isa = XCConfigurationList;
			buildConfigurations = (
				879893C618B1DED500CEBDC6 /* Debug */,
				879893C718B1DED500CEBDC6 /* Release */,
			);
			defaultConfigurationIsVisible = 0;
			defaultConfigurationName = Release;
		};
		879893C818B1DED500CEBDC6 /* Build configuration list for PBXNativeTarget "RKIntentTests" */ = {
			isa = XCConfigurationList;
			buildConfigurations = (
				879893C918B1DED500CEBDC6 /* Debug */,
				879893CA18B1DED500CEBDC6 /* Release */,
			);
			defaultConfigurationIsVisible = 0;
			defaultConfigurationName = Release;
		};
/* End XCConfigurationList section */
	};
	rootObject = 8798939A18B1DED500CEBDC6 /* Project object */;
}
